// !$*UTF8*$!
{
	archiveVersion = 1;
	classes = {
	};
	objectVersion = 46;
	objects = {

/* Begin PBXBuildFile section */
		F8473FD51CA24173006D8FC1 /* AppDelegate.swift in Sources */ = {isa = PBXBuildFile; fileRef = F8473FD41CA24173006D8FC1 /* AppDelegate.swift */; };
		F8473FD71CA24173006D8FC1 /* ViewController.swift in Sources */ = {isa = PBXBuildFile; fileRef = F8473FD61CA24173006D8FC1 /* ViewController.swift */; };
		F8473FDA1CA24173006D8FC1 /* Main.storyboard in Resources */ = {isa = PBXBuildFile; fileRef = F8473FD81CA24173006D8FC1 /* Main.storyboard */; };
		F8473FDC1CA24173006D8FC1 /* Assets.xcassets in Resources */ = {isa = PBXBuildFile; fileRef = F8473FDB1CA24173006D8FC1 /* Assets.xcassets */; };
		F8473FDF1CA24173006D8FC1 /* LaunchScreen.storyboard in Resources */ = {isa = PBXBuildFile; fileRef = F8473FDD1CA24173006D8FC1 /* LaunchScreen.storyboard */; };
		F855AEF61CA3EDD800E7F703 /* WhdeBreakPoint.swift in Sources */ = {isa = PBXBuildFile; fileRef = F855AEF31CA3EDD800E7F703 /* WhdeBreakPoint.swift */; };
		F855AEF71CA3EDD800E7F703 /* WhdeFileManager.swift in Sources */ = {isa = PBXBuildFile; fileRef = F855AEF41CA3EDD800E7F703 /* WhdeFileManager.swift */; };
		F855AEF81CA3EDD800E7F703 /* WhdeSession.swift in Sources */ = {isa = PBXBuildFile; fileRef = F855AEF51CA3EDD800E7F703 /* WhdeSession.swift */; };
/* End PBXBuildFile section */

/* Begin PBXFileReference section */
		F8473FD11CA24173006D8FC1 /* ResumeFromBreakPoint.app */ = {isa = PBXFileReference; explicitFileType = wrapper.application; includeInIndex = 0; path = ResumeFromBreakPoint.app; sourceTree = BUILT_PRODUCTS_DIR; };
		F8473FD41CA24173006D8FC1 /* AppDelegate.swift */ = {isa = PBXFileReference; lastKnownFileType = sourcecode.swift; path = AppDelegate.swift; sourceTree = "<group>"; };
		F8473FD61CA24173006D8FC1 /* ViewController.swift */ = {isa = PBXFileReference; lastKnownFileType = sourcecode.swift; path = ViewController.swift; sourceTree = "<group>"; };
		F8473FD91CA24173006D8FC1 /* Base */ = {isa = PBXFileReference; lastKnownFileType = file.storyboard; name = Base; path = Base.lproj/Main.storyboard; sourceTree = "<group>"; };
		F8473FDB1CA24173006D8FC1 /* Assets.xcassets */ = {isa = PBXFileReference; lastKnownFileType = folder.assetcatalog; path = Assets.xcassets; sourceTree = "<group>"; };
		F8473FDE1CA24173006D8FC1 /* Base */ = {isa = PBXFileReference; lastKnownFileType = file.storyboard; name = Base; path = Base.lproj/LaunchScreen.storyboard; sourceTree = "<group>"; };
		F8473FE01CA24173006D8FC1 /* Info.plist */ = {isa = PBXFileReference; lastKnownFileType = text.plist.xml; path = Info.plist; sourceTree = "<group>"; };
		F855AEF31CA3EDD800E7F703 /* WhdeBreakPoint.swift */ = {isa = PBXFileReference; fileEncoding = 4; lastKnownFileType = sourcecode.swift; path = WhdeBreakPoint.swift; sourceTree = "<group>"; };
		F855AEF41CA3EDD800E7F703 /* WhdeFileManager.swift */ = {isa = PBXFileReference; fileEncoding = 4; lastKnownFileType = sourcecode.swift; path = WhdeFileManager.swift; sourceTree = "<group>"; };
		F855AEF51CA3EDD800E7F703 /* WhdeSession.swift */ = {isa = PBXFileReference; fileEncoding = 4; lastKnownFileType = sourcecode.swift; path = WhdeSession.swift; sourceTree = "<group>"; };
/* End PBXFileReference section */

/* Begin PBXFrameworksBuildPhase section */
		F8473FCE1CA24173006D8FC1 /* Frameworks */ = {
			isa = PBXFrameworksBuildPhase;
			buildActionMask = 2147483647;
			files = (
			);
			runOnlyForDeploymentPostprocessing = 0;
		};
/* End PBXFrameworksBuildPhase section */

/* Begin PBXGroup section */
		F8473FC81CA24173006D8FC1 = {
			isa = PBXGroup;
			children = (
				F8473FD31CA24173006D8FC1 /* ResumeFromBreakPoint */,
				F8473FD21CA24173006D8FC1 /* Products */,
			);
			sourceTree = "<group>";
		};
		F8473FD21CA24173006D8FC1 /* Products */ = {
			isa = PBXGroup;
			children = (
				F8473FD11CA24173006D8FC1 /* ResumeFromBreakPoint.app */,
			);
			name = Products;
			sourceTree = "<group>";
		};
		F8473FD31CA24173006D8FC1 /* ResumeFromBreakPoint */ = {
			isa = PBXGroup;
			children = (
				F8473FD41CA24173006D8FC1 /* AppDelegate.swift */,
				F8473FD61CA24173006D8FC1 /* ViewController.swift */,
				F8473FD81CA24173006D8FC1 /* Main.storyboard */,
				F855AEF21CA3EDD800E7F703 /* Whde */,
				F8473FDB1CA24173006D8FC1 /* Assets.xcassets */,
				F8473FDD1CA24173006D8FC1 /* LaunchScreen.storyboard */,
				F8473FE01CA24173006D8FC1 /* Info.plist */,
			);
			path = ResumeFromBreakPoint;
			sourceTree = "<group>";
		};
		F855AEF21CA3EDD800E7F703 /* Whde */ = {
			isa = PBXGroup;
			children = (
				F855AEF31CA3EDD800E7F703 /* WhdeBreakPoint.swift */,
				F855AEF41CA3EDD800E7F703 /* WhdeFileManager.swift */,
				F855AEF51CA3EDD800E7F703 /* WhdeSession.swift */,
			);
			path = Whde;
			sourceTree = "<group>";
		};
/* End PBXGroup section */

/* Begin PBXNativeTarget section */
		F8473FD01CA24173006D8FC1 /* ResumeFromBreakPoint */ = {
			isa = PBXNativeTarget;
			buildConfigurationList = F8473FE31CA24173006D8FC1 /* Build configuration list for PBXNativeTarget "ResumeFromBreakPoint" */;
			buildPhases = (
				F8473FCD1CA24173006D8FC1 /* Sources */,
				F8473FCE1CA24173006D8FC1 /* Frameworks */,
				F8473FCF1CA24173006D8FC1 /* Resources */,
			);
			buildRules = (
			);
			dependencies = (
			);
			name = ResumeFromBreakPoint;
			productName = ResumeFromBreakPoint;
			productReference = F8473FD11CA24173006D8FC1 /* ResumeFromBreakPoint.app */;
			productType = "com.apple.product-type.application";
		};
/* End PBXNativeTarget section */

/* Begin PBXProject section */
		F8473FC91CA24173006D8FC1 /* Project object */ = {
			isa = PBXProject;
			attributes = {
				LastSwiftUpdateCheck = 0730;
				LastUpgradeCheck = 0730;
				ORGANIZATIONNAME = whde;
				TargetAttributes = {
					F8473FD01CA24173006D8FC1 = {
						CreatedOnToolsVersion = 7.3;
					};
				};
			};
			buildConfigurationList = F8473FCC1CA24173006D8FC1 /* Build configuration list for PBXProject "ResumeFromBreakPoint" */;
			compatibilityVersion = "Xcode 3.2";
			developmentRegion = English;
			hasScannedForEncodings = 0;
			knownRegions = (
				en,
				Base,
			);
			mainGroup = F8473FC81CA24173006D8FC1;
			productRefGroup = F8473FD21CA24173006D8FC1 /* Products */;
			projectDirPath = "";
			projectRoot = "";
			targets = (
				F8473FD01CA24173006D8FC1 /* ResumeFromBreakPoint */,
			);
		};
/* End PBXProject section */

/* Begin PBXResourcesBuildPhase section */
		F8473FCF1CA24173006D8FC1 /* Resources */ = {
			isa = PBXResourcesBuildPhase;
			buildActionMask = 2147483647;
			files = (
				F8473FDF1CA24173006D8FC1 /* LaunchScreen.storyboard in Resources */,
				F8473FDC1CA24173006D8FC1 /* Assets.xcassets in Resources */,
				F8473FDA1CA24173006D8FC1 /* Main.storyboard in Resources */,
			);
			runOnlyForDeploymentPostprocessing = 0;
		};
/* End PBXResourcesBuildPhase section */

/* Begin PBXSourcesBuildPhase section */
		F8473FCD1CA24173006D8FC1 /* Sources */ = {
			isa = PBXSourcesBuildPhase;
			buildActionMask = 2147483647;
			files = (
				F8473FD71CA24173006D8FC1 /* ViewController.swift in Sources */,
				F855AEF61CA3EDD800E7F703 /* WhdeBreakPoint.swift in Sources */,
				F855AEF81CA3EDD800E7F703 /* WhdeSession.swift in Sources */,
				F8473FD51CA24173006D8FC1 /* AppDelegate.swift in Sources */,
				F855AEF71CA3EDD800E7F703 /* WhdeFileManager.swift in Sources */,
			);
			runOnlyForDeploymentPostprocessing = 0;
		};
/* End PBXSourcesBuildPhase section */

/* Begin PBXVariantGroup section */
		F8473FD81CA24173006D8FC1 /* Main.storyboard */ = {
			isa = PBXVariantGroup;
			children = (
				F8473FD91CA24173006D8FC1 /* Base */,
			);
			name = Main.storyboard;
			sourceTree = "<group>";
		};
		F8473FDD1CA24173006D8FC1 /* LaunchScreen.storyboard */ = {
			isa = PBXVariantGroup;
			children = (
				F8473FDE1CA24173006D8FC1 /* Base */,
			);
			name = LaunchScreen.storyboard;
			sourceTree = "<group>";
		};
/* End PBXVariantGroup section */

/* Begin XCBuildConfiguration section */
		F8473FE11CA24173006D8FC1 /* Debug */ = {
			isa = XCBuildConfiguration;
			buildSettings = {
				ALWAYS_SEARCH_USER_PATHS = NO;
				CLANG_ANALYZER_NONNULL = YES;
				CLANG_CXX_LANGUAGE_STANDARD = "gnu++0x";
				CLANG_CXX_LIBRARY = "libc++";
				CLANG_ENABLE_MODULES = YES;
				CLANG_ENABLE_OBJC_ARC = YES;
				CLANG_WARN_BOOL_CONVERSION = YES;
				CLANG_WARN_CONSTANT_CONVERSION = YES;
				CLANG_WARN_DIRECT_OBJC_ISA_USAGE = YES_ERROR;
				CLANG_WARN_EMPTY_BODY = YES;
				CLANG_WARN_ENUM_CONVERSION = YES;
				CLANG_WARN_INT_CONVERSION = YES;
				CLANG_WARN_OBJC_ROOT_CLASS = YES_ERROR;
				CLANG_WARN_UNREACHABLE_CODE = YES;
				CLANG_WARN__DUPLICATE_METHOD_MATCH = YES;
				"CODE_SIGN_IDENTITY[sdk=iphoneos*]" = "iPhone Developer";
				COPY_PHASE_STRIP = NO;
				DEBUG_INFORMATION_FORMAT = dwarf;
				ENABLE_STRICT_OBJC_MSGSEND = YES;
				ENABLE_TESTABILITY = YES;
				GCC_C_LANGUAGE_STANDARD = gnu99;
				GCC_DYNAMIC_NO_PIC = NO;
				GCC_NO_COMMON_BLOCKS = YES;
				GCC_OPTIMIZATION_LEVEL = 0;
				GCC_PREPROCESSOR_DEFINITIONS = (
					"DEBUG=1",
					"$(inherited)",
				);
				GCC_WARN_64_TO_32_BIT_CONVERSION = YES;
				GCC_WARN_ABOUT_RETURN_TYPE = YES_ERROR;
				GCC_WARN_UNDECLARED_SELECTOR = YES;
				GCC_WARN_UNINITIALIZED_AUTOS = YES_AGGRESSIVE;
				GCC_WARN_UNUSED_FUNCTION = YES;
				GCC_WARN_UNUSED_VARIABLE = YES;
				IPHONEOS_DEPLOYMENT_TARGET = 7.0;
				MTL_ENABLE_DEBUG_INFO = YES;
				ONLY_ACTIVE_ARCH = YES;
				SDKROOT = iphoneos;
				SWIFT_OPTIMIZATION_LEVEL = "-Onone";
				TARGETED_DEVICE_FAMILY = "1,2";
			};
			name = Debug;
		};
		F8473FE21CA24173006D8FC1 /* Release */ = {
			isa = XCBuildConfiguration;
			buildSettings = {
				ALWAYS_SEARCH_USER_PATHS = NO;
				CLANG_ANALYZER_NONNULL = YES;
				CLANG_CXX_LANGUAGE_STANDARD = "gnu++0x";
				CLANG_CXX_LIBRARY = "libc++";
				CLANG_ENABLE_MODULES = YES;
				CLANG_ENABLE_OBJC_ARC = YES;
				CLANG_WARN_BOOL_CONVERSION = YES;
				CLANG_WARN_CONSTANT_CONVERSION = YES;
				CLANG_WARN_DIRECT_OBJC_ISA_USAGE = YES_ERROR;
				CLANG_WARN_EMPTY_BODY = YES;
				CLANG_WARN_ENUM_CONVERSION = YES;
				CLANG_WARN_INT_CONVERSION = YES;
				CLANG_WARN_OBJC_ROOT_CLASS = YES_ERROR;
				CLANG_WARN_UNREACHABLE_CODE = YES;
				CLANG_WARN__DUPLICATE_METHOD_MATCH = YES;
				"CODE_SIGN_IDENTITY[sdk=iphoneos*]" = "iPhone Developer";
				COPY_PHASE_STRIP = NO;
				DEBUG_INFORMATION_FORMAT = "dwarf-with-dsym";
				ENABLE_NS_ASSERTIONS = NO;
				ENABLE_STRICT_OBJC_MSGSEND = YES;
				GCC_C_LANGUAGE_STANDARD = gnu99;
				GCC_NO_COMMON_BLOCKS = YES;
				GCC_WARN_64_TO_32_BIT_CONVERSION = YES;
				GCC_WARN_ABOUT_RETURN_TYPE = YES_ERROR;
				GCC_WARN_UNDECLARED_SELECTOR = YES;
				GCC_WARN_UNINITIALIZED_AUTOS = YES_AGGRESSIVE;
				GCC_WARN_UNUSED_FUNCTION = YES;
				GCC_WARN_UNUSED_VARIABLE = YES;
				IPHONEOS_DEPLOYMENT_TARGET = 7.0;
				MTL_ENABLE_DEBUG_INFO = NO;
				SDKROOT = iphoneos;
				TARGETED_DEVICE_FAMILY = "1,2";
				VALIDATE_PRODUCT = YES;
			};
			name = Release;
		};
		F8473FE41CA24173006D8FC1 /* Debug */ = {
			isa = XCBuildConfiguration;
			buildSettings = {
				ASSETCATALOG_COMPILER_APPICON_NAME = AppIcon;
				INFOPLIST_FILE = ResumeFromBreakPoint/Info.plist;
				LD_RUNPATH_SEARCH_PATHS = "$(inherited) @executable_path/Frameworks";
				PRODUCT_BUNDLE_IDENTIFIER = com.ziyoubang.ResumeFromBreakPoint;
				PRODUCT_NAME = "$(TARGET_NAME)";
			};
			name = Debug;
		};
		F8473FE51CA24173006D8FC1 /* Release */ = {
			isa = XCBuildConfiguration;
			buildSettings = {
				ASSETCATALOG_COMPILER_APPICON_NAME = AppIcon;
				INFOPLIST_FILE = ResumeFromBreakPoint/Info.plist;
				LD_RUNPATH_SEARCH_PATHS = "$(inherited) @executable_path/Frameworks";
				PRODUCT_BUNDLE_IDENTIFIER = com.ziyoubang.ResumeFromBreakPoint;
				PRODUCT_NAME = "$(TARGET_NAME)";
			};
			name = Release;
		};
/* End XCBuildConfiguration section */

/* Begin XCConfigurationList section */
		F8473FCC1CA24173006D8FC1 /* Build configuration list for PBXProject "ResumeFromBreakPoint" */ = {
			isa = XCConfigurationList;
			buildConfigurations = (
				F8473FE11CA24173006D8FC1 /* Debug */,
				F8473FE21CA24173006D8FC1 /* Release */,
			);
			defaultConfigurationIsVisible = 0;
			defaultConfigurationName = Release;
		};
		F8473FE31CA24173006D8FC1 /* Build configuration list for PBXNativeTarget "ResumeFromBreakPoint" */ = {
			isa = XCConfigurationList;
			buildConfigurations = (
				F8473FE41CA24173006D8FC1 /* Debug */,
				F8473FE51CA24173006D8FC1 /* Release */,
			);
			defaultConfigurationIsVisible = 0;
			defaultConfigurationName = Release;
		};
/* End XCConfigurationList section */
	};
	rootObject = F8473FC91CA24173006D8FC1 /* Project object */;
}
